
Microsoft Visual Studio Solution File, Format Version 12.00
# Visual Studio Version 16
VisualStudioVersion = 16.0.31624.102
MinimumVisualStudioVersion = 10.0.40219.1
Project("{FAE04EC0-301F-11D3-BF4B-00C04F79EFBC}") = "VtblGenerator", "VtblGenerator.csproj", "{87B8F566-1D0C-4630-90A7-82C58E843C58}"
EndProject
Global
	GlobalSection(SolutionConfigurationPlatforms) = preSolution
		Debug|Any CPU = Debug|Any CPU
		Release|Any CPU = Release|Any CPU
	EndGlobalSection
	GlobalSection(ProjectConfigurationPlatforms) = postSolution
		{87B8F566-1D0C-4630-90A7-82C58E843C58}.Debug|Any CPU.ActiveCfg = Debug|Any CPU
		{87B8F566-1D0C-4630-90A7-82C58E843C58}.Debug|Any CPU.Build.0 = Debug|Any CPU
		{87B8F566-1D0C-4630-90A7-82C58E843C58}.Release|Any CPU.ActiveCfg = Release|Any CPU
		{87B8F566-1D0C-4630-90A7-82C58E843C58}.Release|Any CPU.Build.0 = Release|Any CPU
	EndGlobalSection
	GlobalSection(SolutionProperties) = preSolution
		HideSolutionNode = FALSE
	EndGlobalSection
	GlobalSection(ExtensibilityGlobals) = postSolution
		SolutionGuid = {7700E1CE-E8D1-4549-A399-66EF36FABCB6}
	EndGlobalSection
EndGlobal
