
Microsoft Visual Studio Solution File, Format Version 12.00
# Visual Studio Version 16
VisualStudioVersion = 16.0.31624.102
MinimumVisualStudioVersion = 10.0.40219.1
Project("{FAE04EC0-301F-11D3-BF4B-00C04F79EFBC}") = "Shifter", "Shifter.csproj", "{0A3ED0EA-DA9C-49A3-9746-60E5A548F87C}"
EndProject
Global
	GlobalSection(SolutionConfigurationPlatforms) = preSolution
		Debug|Any CPU = Debug|Any CPU
		Release|Any CPU = Release|Any CPU
	EndGlobalSection
	GlobalSection(ProjectConfigurationPlatforms) = postSolution
		{0A3ED0EA-DA9C-49A3-9746-60E5A548F87C}.Debug|Any CPU.ActiveCfg = Debug|Any CPU
		{0A3ED0EA-DA9C-49A3-9746-60E5A548F87C}.Debug|Any CPU.Build.0 = Debug|Any CPU
		{0A3ED0EA-DA9C-49A3-9746-60E5A548F87C}.Release|Any CPU.ActiveCfg = Release|Any CPU
		{0A3ED0EA-DA9C-49A3-9746-60E5A548F87C}.Release|Any CPU.Build.0 = Release|Any CPU
	EndGlobalSection
	GlobalSection(SolutionProperties) = preSolution
		HideSolutionNode = FALSE
	EndGlobalSection
	GlobalSection(ExtensibilityGlobals) = postSolution
		SolutionGuid = {7C1C6CA8-E98D-4C80-ABBD-D83E83E579B8}
	EndGlobalSection
EndGlobal
